// !$*UTF8*$!
{
	archiveVersion = 1;
	classes = {
	};
	objectVersion = 50;
	objects = {

/* Begin PBXBuildFile section */
		BA6EFAD221AFD5AC00A12D4B /* AppDelegate.swift in Sources */ = {isa = PBXBuildFile; fileRef = BA6EFAD121AFD5AC00A12D4B /* AppDelegate.swift */; };
		BA6EFAD421AFD5AC00A12D4B /* ViewController.swift in Sources */ = {isa = PBXBuildFile; fileRef = BA6EFAD321AFD5AC00A12D4B /* ViewController.swift */; };
		BA6EFAD921AFD5B300A12D4B /* Assets.xcassets in Resources */ = {isa = PBXBuildFile; fileRef = BA6EFAD821AFD5B300A12D4B /* Assets.xcassets */; };
		BA6EFAE521AFDBED00A12D4B /* UIColor+Extension.swift in Sources */ = {isa = PBXBuildFile; fileRef = BA6EFAE421AFDBED00A12D4B /* UIColor+Extension.swift */; };
		BA6EFAE821AFE04F00A12D4B /* GithubRepos.swift in Sources */ = {isa = PBXBuildFile; fileRef = BA6EFAE721AFE04F00A12D4B /* GithubRepos.swift */; };
		BA6EFAEA21AFE12400A12D4B /* Item.swift in Sources */ = {isa = PBXBuildFile; fileRef = BA6EFAE921AFE12400A12D4B /* Item.swift */; };
		BA6EFAEC21AFE22100A12D4B /* Owner.swift in Sources */ = {isa = PBXBuildFile; fileRef = BA6EFAEB21AFE22100A12D4B /* Owner.swift */; };
		BA6EFAEF21AFE4B000A12D4B /* githubService.swift in Sources */ = {isa = PBXBuildFile; fileRef = BA6EFAEE21AFE4B000A12D4B /* githubService.swift */; };
/* End PBXBuildFile section */

/* Begin PBXFileReference section */
		BA6EFACE21AFD5AC00A12D4B /* githubrepos.app */ = {isa = PBXFileReference; explicitFileType = wrapper.application; includeInIndex = 0; path = githubrepos.app; sourceTree = BUILT_PRODUCTS_DIR; };
		BA6EFAD121AFD5AC00A12D4B /* AppDelegate.swift */ = {isa = PBXFileReference; lastKnownFileType = sourcecode.swift; path = AppDelegate.swift; sourceTree = "<group>"; };
		BA6EFAD321AFD5AC00A12D4B /* ViewController.swift */ = {isa = PBXFileReference; lastKnownFileType = sourcecode.swift; path = ViewController.swift; sourceTree = "<group>"; };
		BA6EFAD821AFD5B300A12D4B /* Assets.xcassets */ = {isa = PBXFileReference; lastKnownFileType = folder.assetcatalog; path = Assets.xcassets; sourceTree = "<group>"; };
		BA6EFADD21AFD5B300A12D4B /* Info.plist */ = {isa = PBXFileReference; lastKnownFileType = text.plist.xml; path = Info.plist; sourceTree = "<group>"; };
		BA6EFAE421AFDBED00A12D4B /* UIColor+Extension.swift */ = {isa = PBXFileReference; lastKnownFileType = sourcecode.swift; path = "UIColor+Extension.swift"; sourceTree = "<group>"; };
		BA6EFAE721AFE04F00A12D4B /* GithubRepos.swift */ = {isa = PBXFileReference; lastKnownFileType = sourcecode.swift; path = GithubRepos.swift; sourceTree = "<group>"; };
		BA6EFAE921AFE12400A12D4B /* Item.swift */ = {isa = PBXFileReference; lastKnownFileType = sourcecode.swift; path = Item.swift; sourceTree = "<group>"; };
		BA6EFAEB21AFE22100A12D4B /* Owner.swift */ = {isa = PBXFileReference; lastKnownFileType = sourcecode.swift; path = Owner.swift; sourceTree = "<group>"; };
		BA6EFAEE21AFE4B000A12D4B /* githubService.swift */ = {isa = PBXFileReference; lastKnownFileType = sourcecode.swift; path = githubService.swift; sourceTree = "<group>"; };
/* End PBXFileReference section */

/* Begin PBXFrameworksBuildPhase section */
		BA6EFACB21AFD5AC00A12D4B /* Frameworks */ = {
			isa = PBXFrameworksBuildPhase;
			buildActionMask = 2147483647;
			files = (
			);
			runOnlyForDeploymentPostprocessing = 0;
		};
/* End PBXFrameworksBuildPhase section */

/* Begin PBXGroup section */
		BA6EFAC521AFD5AC00A12D4B = {
			isa = PBXGroup;
			children = (
				BA6EFAD021AFD5AC00A12D4B /* githubrepos */,
				BA6EFACF21AFD5AC00A12D4B /* Products */,
			);
			sourceTree = "<group>";
		};
		BA6EFACF21AFD5AC00A12D4B /* Products */ = {
			isa = PBXGroup;
			children = (
				BA6EFACE21AFD5AC00A12D4B /* githubrepos.app */,
			);
			name = Products;
			sourceTree = "<group>";
		};
		BA6EFAD021AFD5AC00A12D4B /* githubrepos */ = {
			isa = PBXGroup;
			children = (
				BA6EFAED21AFE38300A12D4B /* services */,
				BA6EFAE621AFE01900A12D4B /* Models */,
				BA6EFAE321AFDBCC00A12D4B /* Extensions */,
				BA6EFAD121AFD5AC00A12D4B /* AppDelegate.swift */,
				BA6EFAD321AFD5AC00A12D4B /* ViewController.swift */,
				BA6EFAD821AFD5B300A12D4B /* Assets.xcassets */,
				BA6EFADD21AFD5B300A12D4B /* Info.plist */,
			);
			path = githubrepos;
			sourceTree = "<group>";
		};
		BA6EFAE321AFDBCC00A12D4B /* Extensions */ = {
			isa = PBXGroup;
			children = (
				BA6EFAE421AFDBED00A12D4B /* UIColor+Extension.swift */,
			);
			path = Extensions;
			sourceTree = "<group>";
		};
		BA6EFAE621AFE01900A12D4B /* Models */ = {
			isa = PBXGroup;
			children = (
				BA6EFAE721AFE04F00A12D4B /* GithubRepos.swift */,
				BA6EFAE921AFE12400A12D4B /* Item.swift */,
				BA6EFAEB21AFE22100A12D4B /* Owner.swift */,
			);
			path = Models;
			sourceTree = "<group>";
		};
		BA6EFAED21AFE38300A12D4B /* services */ = {
			isa = PBXGroup;
			children = (
				BA6EFAEE21AFE4B000A12D4B /* githubService.swift */,
			);
			path = services;
			sourceTree = "<group>";
		};
/* End PBXGroup section */

/* Begin PBXNativeTarget section */
		BA6EFACD21AFD5AC00A12D4B /* githubrepos */ = {
			isa = PBXNativeTarget;
			buildConfigurationList = BA6EFAE021AFD5B300A12D4B /* Build configuration list for PBXNativeTarget "githubrepos" */;
			buildPhases = (
				BA6EFACA21AFD5AC00A12D4B /* Sources */,
				BA6EFACB21AFD5AC00A12D4B /* Frameworks */,
				BA6EFACC21AFD5AC00A12D4B /* Resources */,
			);
			buildRules = (
			);
			dependencies = (
			);
			name = githubrepos;
			productName = githubrepos;
			productReference = BA6EFACE21AFD5AC00A12D4B /* githubrepos.app */;
			productType = "com.apple.product-type.application";
		};
/* End PBXNativeTarget section */

/* Begin PBXProject section */
		BA6EFAC621AFD5AC00A12D4B /* Project object */ = {
			isa = PBXProject;
			attributes = {
				LastSwiftUpdateCheck = 0940;
				LastUpgradeCheck = 0940;
				ORGANIZATIONNAME = Aminerop;
				TargetAttributes = {
					BA6EFACD21AFD5AC00A12D4B = {
						CreatedOnToolsVersion = 9.4.1;
					};
				};
			};
			buildConfigurationList = BA6EFAC921AFD5AC00A12D4B /* Build configuration list for PBXProject "githubrepos" */;
			compatibilityVersion = "Xcode 9.3";
			developmentRegion = en;
			hasScannedForEncodings = 0;
			knownRegions = (
				en,
				Base,
			);
			mainGroup = BA6EFAC521AFD5AC00A12D4B;
			productRefGroup = BA6EFACF21AFD5AC00A12D4B /* Products */;
			projectDirPath = "";
			projectRoot = "";
			targets = (
				BA6EFACD21AFD5AC00A12D4B /* githubrepos */,
			);
		};
/* End PBXProject section */

/* Begin PBXResourcesBuildPhase section */
		BA6EFACC21AFD5AC00A12D4B /* Resources */ = {
			isa = PBXResourcesBuildPhase;
			buildActionMask = 2147483647;
			files = (
				BA6EFAD921AFD5B300A12D4B /* Assets.xcassets in Resources */,
			);
			runOnlyForDeploymentPostprocessing = 0;
		};
/* End PBXResourcesBuildPhase section */

/* Begin PBXSourcesBuildPhase section */
		BA6EFACA21AFD5AC00A12D4B /* Sources */ = {
			isa = PBXSourcesBuildPhase;
			buildActionMask = 2147483647;
			files = (
				BA6EFAEA21AFE12400A12D4B /* Item.swift in Sources */,
				BA6EFAEC21AFE22100A12D4B /* Owner.swift in Sources */,
				BA6EFAE821AFE04F00A12D4B /* GithubRepos.swift in Sources */,
				BA6EFAEF21AFE4B000A12D4B /* githubService.swift in Sources */,
				BA6EFAE521AFDBED00A12D4B /* UIColor+Extension.swift in Sources */,
				BA6EFAD421AFD5AC00A12D4B /* ViewController.swift in Sources */,
				BA6EFAD221AFD5AC00A12D4B /* AppDelegate.swift in Sources */,
			);
			runOnlyForDeploymentPostprocessing = 0;
		};
/* End PBXSourcesBuildPhase section */

/* Begin XCBuildConfiguration section */
		BA6EFADE21AFD5B300A12D4B /* Debug */ = {
			isa = XCBuildConfiguration;
			buildSettings = {
				ALWAYS_SEARCH_USER_PATHS = NO;
				CLANG_ANALYZER_NONNULL = YES;
				CLANG_ANALYZER_NUMBER_OBJECT_CONVERSION = YES_AGGRESSIVE;
				CLANG_CXX_LANGUAGE_STANDARD = "gnu++14";
				CLANG_CXX_LIBRARY = "libc++";
				CLANG_ENABLE_MODULES = YES;
				CLANG_ENABLE_OBJC_ARC = YES;
				CLANG_ENABLE_OBJC_WEAK = YES;
				CLANG_WARN_BLOCK_CAPTURE_AUTORELEASING = YES;
				CLANG_WARN_BOOL_CONVERSION = YES;
				CLANG_WARN_COMMA = YES;
				CLANG_WARN_CONSTANT_CONVERSION = YES;
				CLANG_WARN_DEPRECATED_OBJC_IMPLEMENTATIONS = YES;
				CLANG_WARN_DIRECT_OBJC_ISA_USAGE = YES_ERROR;
				CLANG_WARN_DOCUMENTATION_COMMENTS = YES;
				CLANG_WARN_EMPTY_BODY = YES;
				CLANG_WARN_ENUM_CONVERSION = YES;
				CLANG_WARN_INFINITE_RECURSION = YES;
				CLANG_WARN_INT_CONVERSION = YES;
				CLANG_WARN_NON_LITERAL_NULL_CONVERSION = YES;
				CLANG_WARN_OBJC_IMPLICIT_RETAIN_SELF = YES;
				CLANG_WARN_OBJC_LITERAL_CONVERSION = YES;
				CLANG_WARN_OBJC_ROOT_CLASS = YES_ERROR;
				CLANG_WARN_RANGE_LOOP_ANALYSIS = YES;
				CLANG_WARN_STRICT_PROTOTYPES = YES;
				CLANG_WARN_SUSPICIOUS_MOVE = YES;
				CLANG_WARN_UNGUARDED_AVAILABILITY = YES_AGGRESSIVE;
				CLANG_WARN_UNREACHABLE_CODE = YES;
				CLANG_WARN__DUPLICATE_METHOD_MATCH = YES;
				CODE_SIGN_IDENTITY = "iPhone Developer";
				COPY_PHASE_STRIP = NO;
				DEBUG_INFORMATION_FORMAT = dwarf;
				ENABLE_STRICT_OBJC_MSGSEND = YES;
				ENABLE_TESTABILITY = YES;
				GCC_C_LANGUAGE_STANDARD = gnu11;
				GCC_DYNAMIC_NO_PIC = NO;
				GCC_NO_COMMON_BLOCKS = YES;
				GCC_OPTIMIZATION_LEVEL = 0;
				GCC_PREPROCESSOR_DEFINITIONS = (
					"DEBUG=1",
					"$(inherited)",
				);
				GCC_WARN_64_TO_32_BIT_CONVERSION = YES;
				GCC_WARN_ABOUT_RETURN_TYPE = YES_ERROR;
				GCC_WARN_UNDECLARED_SELECTOR = YES;
				GCC_WARN_UNINITIALIZED_AUTOS = YES_AGGRESSIVE;
				GCC_WARN_UNUSED_FUNCTION = YES;
				GCC_WARN_UNUSED_VARIABLE = YES;
				IPHONEOS_DEPLOYMENT_TARGET = 11.4;
				MTL_ENABLE_DEBUG_INFO = YES;
				ONLY_ACTIVE_ARCH = YES;
				SDKROOT = iphoneos;
				SWIFT_ACTIVE_COMPILATION_CONDITIONS = DEBUG;
				SWIFT_OPTIMIZATION_LEVEL = "-Onone";
			};
			name = Debug;
		};
		BA6EFADF21AFD5B300A12D4B /* Release */ = {
			isa = XCBuildConfiguration;
			buildSettings = {
				ALWAYS_SEARCH_USER_PATHS = NO;
				CLANG_ANALYZER_NONNULL = YES;
				CLANG_ANALYZER_NUMBER_OBJECT_CONVERSION = YES_AGGRESSIVE;
				CLANG_CXX_LANGUAGE_STANDARD = "gnu++14";
				CLANG_CXX_LIBRARY = "libc++";
				CLANG_ENABLE_MODULES = YES;
				CLANG_ENABLE_OBJC_ARC = YES;
				CLANG_ENABLE_OBJC_WEAK = YES;
				CLANG_WARN_BLOCK_CAPTURE_AUTORELEASING = YES;
				CLANG_WARN_BOOL_CONVERSION = YES;
				CLANG_WARN_COMMA = YES;
				CLANG_WARN_CONSTANT_CONVERSION = YES;
				CLANG_WARN_DEPRECATED_OBJC_IMPLEMENTATIONS = YES;
				CLANG_WARN_DIRECT_OBJC_ISA_USAGE = YES_ERROR;
				CLANG_WARN_DOCUMENTATION_COMMENTS = YES;
				CLANG_WARN_EMPTY_BODY = YES;
				CLANG_WARN_ENUM_CONVERSION = YES;
				CLANG_WARN_INFINITE_RECURSION = YES;
				CLANG_WARN_INT_CONVERSION = YES;
				CLANG_WARN_NON_LITERAL_NULL_CONVERSION = YES;
				CLANG_WARN_OBJC_IMPLICIT_RETAIN_SELF = YES;
				CLANG_WARN_OBJC_LITERAL_CONVERSION = YES;
				CLANG_WARN_OBJC_ROOT_CLASS = YES_ERROR;
				CLANG_WARN_RANGE_LOOP_ANALYSIS = YES;
				CLANG_WARN_STRICT_PROTOTYPES = YES;
				CLANG_WARN_SUSPICIOUS_MOVE = YES;
				CLANG_WARN_UNGUARDED_AVAILABILITY = YES_AGGRESSIVE;
				CLANG_WARN_UNREACHABLE_CODE = YES;
				CLANG_WARN__DUPLICATE_METHOD_MATCH = YES;
				CODE_SIGN_IDENTITY = "iPhone Developer";
				COPY_PHASE_STRIP = NO;
				DEBUG_INFORMATION_FORMAT = "dwarf-with-dsym";
				ENABLE_NS_ASSERTIONS = NO;
				ENABLE_STRICT_OBJC_MSGSEND = YES;
				GCC_C_LANGUAGE_STANDARD = gnu11;
				GCC_NO_COMMON_BLOCKS = YES;
				GCC_WARN_64_TO_32_BIT_CONVERSION = YES;
				GCC_WARN_ABOUT_RETURN_TYPE = YES_ERROR;
				GCC_WARN_UNDECLARED_SELECTOR = YES;
				GCC_WARN_UNINITIALIZED_AUTOS = YES_AGGRESSIVE;
				GCC_WARN_UNUSED_FUNCTION = YES;
				GCC_WARN_UNUSED_VARIABLE = YES;
				IPHONEOS_DEPLOYMENT_TARGET = 11.4;
				MTL_ENABLE_DEBUG_INFO = NO;
				SDKROOT = iphoneos;
				SWIFT_COMPILATION_MODE = wholemodule;
				SWIFT_OPTIMIZATION_LEVEL = "-O";
				VALIDATE_PRODUCT = YES;
			};
			name = Release;
		};
		BA6EFAE121AFD5B300A12D4B /* Debug */ = {
			isa = XCBuildConfiguration;
			buildSettings = {
				ASSETCATALOG_COMPILER_APPICON_NAME = AppIcon;
				CODE_SIGN_STYLE = Automatic;
				DEVELOPMENT_TEAM = GQZYKR8DHG;
				INFOPLIST_FILE = githubrepos/Info.plist;
				LD_RUNPATH_SEARCH_PATHS = (
					"$(inherited)",
					"@executable_path/Frameworks",
				);
				PRODUCT_BUNDLE_IDENTIFIER = com.aminerop.githubrepos;
				PRODUCT_NAME = "$(TARGET_NAME)";
				SWIFT_VERSION = 4.0;
				TARGETED_DEVICE_FAMILY = "1,2";
			};
			name = Debug;
		};
		BA6EFAE221AFD5B300A12D4B /* Release */ = {
			isa = XCBuildConfiguration;
			buildSettings = {
				ASSETCATALOG_COMPILER_APPICON_NAME = AppIcon;
				CODE_SIGN_STYLE = Automatic;
				DEVELOPMENT_TEAM = GQZYKR8DHG;
				INFOPLIST_FILE = githubrepos/Info.plist;
				LD_RUNPATH_SEARCH_PATHS = (
					"$(inherited)",
					"@executable_path/Frameworks",
				);
				PRODUCT_BUNDLE_IDENTIFIER = com.aminerop.githubrepos;
				PRODUCT_NAME = "$(TARGET_NAME)";
				SWIFT_VERSION = 4.0;
				TARGETED_DEVICE_FAMILY = "1,2";
			};
			name = Release;
		};
/* End XCBuildConfiguration section */

/* Begin XCConfigurationList section */
		BA6EFAC921AFD5AC00A12D4B /* Build configuration list for PBXProject "githubrepos" */ = {
			isa = XCConfigurationList;
			buildConfigurations = (
				BA6EFADE21AFD5B300A12D4B /* Debug */,
				BA6EFADF21AFD5B300A12D4B /* Release */,
			);
			defaultConfigurationIsVisible = 0;
			defaultConfigurationName = Release;
		};
		BA6EFAE021AFD5B300A12D4B /* Build configuration list for PBXNativeTarget "githubrepos" */ = {
			isa = XCConfigurationList;
			buildConfigurations = (
				BA6EFAE121AFD5B300A12D4B /* Debug */,
				BA6EFAE221AFD5B300A12D4B /* Release */,
			);
			defaultConfigurationIsVisible = 0;
			defaultConfigurationName = Release;
		};
/* End XCConfigurationList section */
	};
	rootObject = BA6EFAC621AFD5AC00A12D4B /* Project object */;
}
